
Microsoft Visual Studio Solution File, Format Version 11.00
# Visual Studio 2010
Project("{FAE04EC0-301F-11D3-BF4B-00C04F79EFBC}") = "KhachSan", "KhachSan\KhachSan.csproj", "{A85C28A2-29BF-4FAA-824D-E61B8C67256B}"
EndProject
Project("{FAE04EC0-301F-11D3-BF4B-00C04F79EFBC}") = "BUSLayer", "BUSLayer\BUSLayer.csproj", "{FC6C5A44-DC26-4B97-942B-3C44A74CC9AA}"
EndProject
Project("{FAE04EC0-301F-11D3-BF4B-00C04F79EFBC}") = "DAOLayer", "DAOLayer\DAOLayer.csproj", "{9DFAB5FF-5A47-4DC5-9CB0-CBF6FEC8B8F3}"
EndProject
Project("{FAE04EC0-301F-11D3-BF4B-00C04F79EFBC}") = "DTOLayer", "DTOLayer\DTOLayer.csproj", "{CC6C45D4-61FF-464D-BF3B-84D61213835C}"
EndProject
Global
	GlobalSection(SolutionConfigurationPlatforms) = preSolution
		Debug|Any CPU = Debug|Any CPU
		Debug|Mixed Platforms = Debug|Mixed Platforms
		Debug|x86 = Debug|x86
		Release|Any CPU = Release|Any CPU
		Release|Mixed Platforms = Release|Mixed Platforms
		Release|x86 = Release|x86
	EndGlobalSection
	GlobalSection(ProjectConfigurationPlatforms) = postSolution
		{A85C28A2-29BF-4FAA-824D-E61B8C67256B}.Debug|Any CPU.ActiveCfg = Debug|x86
		{A85C28A2-29BF-4FAA-824D-E61B8C67256B}.Debug|Mixed Platforms.ActiveCfg = Debug|x86
		{A85C28A2-29BF-4FAA-824D-E61B8C67256B}.Debug|Mixed Platforms.Build.0 = Debug|x86
		{A85C28A2-29BF-4FAA-824D-E61B8C67256B}.Debug|x86.ActiveCfg = Debug|x86
		{A85C28A2-29BF-4FAA-824D-E61B8C67256B}.Debug|x86.Build.0 = Debug|x86
		{A85C28A2-29BF-4FAA-824D-E61B8C67256B}.Release|Any CPU.ActiveCfg = Release|x86
		{A85C28A2-29BF-4FAA-824D-E61B8C67256B}.Release|Mixed Platforms.ActiveCfg = Release|x86
		{A85C28A2-29BF-4FAA-824D-E61B8C67256B}.Release|Mixed Platforms.Build.0 = Release|x86
		{A85C28A2-29BF-4FAA-824D-E61B8C67256B}.Release|x86.ActiveCfg = Release|x86
		{A85C28A2-29BF-4FAA-824D-E61B8C67256B}.Release|x86.Build.0 = Release|x86
		{FC6C5A44-DC26-4B97-942B-3C44A74CC9AA}.Debug|Any CPU.ActiveCfg = Debug|Any CPU
		{FC6C5A44-DC26-4B97-942B-3C44A74CC9AA}.Debug|Any CPU.Build.0 = Debug|Any CPU
		{FC6C5A44-DC26-4B97-942B-3C44A74CC9AA}.Debug|Mixed Platforms.ActiveCfg = Debug|Any CPU
		{FC6C5A44-DC26-4B97-942B-3C44A74CC9AA}.Debug|Mixed Platforms.Build.0 = Debug|Any CPU
		{FC6C5A44-DC26-4B97-942B-3C44A74CC9AA}.Debug|x86.ActiveCfg = Debug|Any CPU
		{FC6C5A44-DC26-4B97-942B-3C44A74CC9AA}.Release|Any CPU.ActiveCfg = Release|Any CPU
		{FC6C5A44-DC26-4B97-942B-3C44A74CC9AA}.Release|Any CPU.Build.0 = Release|Any CPU
		{FC6C5A44-DC26-4B97-942B-3C44A74CC9AA}.Release|Mixed Platforms.ActiveCfg = Release|Any CPU
		{FC6C5A44-DC26-4B97-942B-3C44A74CC9AA}.Release|Mixed Platforms.Build.0 = Release|Any CPU
		{FC6C5A44-DC26-4B97-942B-3C44A74CC9AA}.Release|x86.ActiveCfg = Release|Any CPU
		{9DFAB5FF-5A47-4DC5-9CB0-CBF6FEC8B8F3}.Debug|Any CPU.ActiveCfg = Debug|Any CPU
		{9DFAB5FF-5A47-4DC5-9CB0-CBF6FEC8B8F3}.Debug|Any CPU.Build.0 = Debug|Any CPU
		{9DFAB5FF-5A47-4DC5-9CB0-CBF6FEC8B8F3}.Debug|Mixed Platforms.ActiveCfg = Debug|Any CPU
		{9DFAB5FF-5A47-4DC5-9CB0-CBF6FEC8B8F3}.Debug|Mixed Platforms.Build.0 = Debug|Any CPU
		{9DFAB5FF-5A47-4DC5-9CB0-CBF6FEC8B8F3}.Debug|x86.ActiveCfg = Debug|Any CPU
		{9DFAB5FF-5A47-4DC5-9CB0-CBF6FEC8B8F3}.Release|Any CPU.ActiveCfg = Release|Any CPU
		{9DFAB5FF-5A47-4DC5-9CB0-CBF6FEC8B8F3}.Release|Any CPU.Build.0 = Release|Any CPU
		{9DFAB5FF-5A47-4DC5-9CB0-CBF6FEC8B8F3}.Release|Mixed Platforms.ActiveCfg = Release|Any CPU
		{9DFAB5FF-5A47-4DC5-9CB0-CBF6FEC8B8F3}.Release|Mixed Platforms.Build.0 = Release|Any CPU
		{9DFAB5FF-5A47-4DC5-9CB0-CBF6FEC8B8F3}.Release|x86.ActiveCfg = Release|Any CPU
		{CC6C45D4-61FF-464D-BF3B-84D61213835C}.Debug|Any CPU.ActiveCfg = Debug|Any CPU
		{CC6C45D4-61FF-464D-BF3B-84D61213835C}.Debug|Any CPU.Build.0 = Debug|Any CPU
		{CC6C45D4-61FF-464D-BF3B-84D61213835C}.Debug|Mixed Platforms.ActiveCfg = Debug|Any CPU
		{CC6C45D4-61FF-464D-BF3B-84D61213835C}.Debug|Mixed Platforms.Build.0 = Debug|Any CPU
		{CC6C45D4-61FF-464D-BF3B-84D61213835C}.Debug|x86.ActiveCfg = Debug|Any CPU
		{CC6C45D4-61FF-464D-BF3B-84D61213835C}.Release|Any CPU.ActiveCfg = Release|Any CPU
		{CC6C45D4-61FF-464D-BF3B-84D61213835C}.Release|Any CPU.Build.0 = Release|Any CPU
		{CC6C45D4-61FF-464D-BF3B-84D61213835C}.Release|Mixed Platforms.ActiveCfg = Release|Any CPU
		{CC6C45D4-61FF-464D-BF3B-84D61213835C}.Release|Mixed Platforms.Build.0 = Release|Any CPU
		{CC6C45D4-61FF-464D-BF3B-84D61213835C}.Release|x86.ActiveCfg = Release|Any CPU
	EndGlobalSection
	GlobalSection(SolutionProperties) = preSolution
		HideSolutionNode = FALSE
	EndGlobalSection
EndGlobal
